
Microsoft Visual Studio Solution File, Format Version 12.00
# Visual Studio Version 16
VisualStudioVersion = 16.0.31702.278
MinimumVisualStudioVersion = 10.0.40219.1
Project("{9A19103F-16F7-4668-BE54-9A1E7A4F7556}") = "PackagesManagement", "PackagesManagement.csproj", "{454E3E70-7F0B-492D-8E02-5CB35B3AD8EF}"
EndProject
Project("{9A19103F-16F7-4668-BE54-9A1E7A4F7556}") = "PackagesManagementDomain", "..\PackagesManagementDomain\PackagesManagementDomain.csproj", "{420D2C38-36FE-49F2-A5D1-57AD750C62CC}"
EndProject
Project("{9A19103F-16F7-4668-BE54-9A1E7A4F7556}") = "PackagesManagementDB", "..\PackagesManagementDB\PackagesManagementDB.csproj", "{83AE1F08-01E4-4827-9BDB-69F43B84F990}"
EndProject
Project("{FAE04EC0-301F-11D3-BF4B-00C04F79EFBC}") = "PackagesManagementTest", "..\PackagesManagementTest\PackagesManagementTest.csproj", "{AEDCDBA5-94B6-45CD-A54B-41F0B8FCA40A}"
EndProject
Global
	GlobalSection(SolutionConfigurationPlatforms) = preSolution
		Debug|Any CPU = Debug|Any CPU
		Release|Any CPU = Release|Any CPU
	EndGlobalSection
	GlobalSection(ProjectConfigurationPlatforms) = postSolution
		{454E3E70-7F0B-492D-8E02-5CB35B3AD8EF}.Debug|Any CPU.ActiveCfg = Debug|Any CPU
		{454E3E70-7F0B-492D-8E02-5CB35B3AD8EF}.Debug|Any CPU.Build.0 = Debug|Any CPU
		{454E3E70-7F0B-492D-8E02-5CB35B3AD8EF}.Release|Any CPU.ActiveCfg = Release|Any CPU
		{454E3E70-7F0B-492D-8E02-5CB35B3AD8EF}.Release|Any CPU.Build.0 = Release|Any CPU
		{420D2C38-36FE-49F2-A5D1-57AD750C62CC}.Debug|Any CPU.ActiveCfg = Debug|Any CPU
		{420D2C38-36FE-49F2-A5D1-57AD750C62CC}.Debug|Any CPU.Build.0 = Debug|Any CPU
		{420D2C38-36FE-49F2-A5D1-57AD750C62CC}.Release|Any CPU.ActiveCfg = Release|Any CPU
		{420D2C38-36FE-49F2-A5D1-57AD750C62CC}.Release|Any CPU.Build.0 = Release|Any CPU
		{83AE1F08-01E4-4827-9BDB-69F43B84F990}.Debug|Any CPU.ActiveCfg = Debug|Any CPU
		{83AE1F08-01E4-4827-9BDB-69F43B84F990}.Debug|Any CPU.Build.0 = Debug|Any CPU
		{83AE1F08-01E4-4827-9BDB-69F43B84F990}.Release|Any CPU.ActiveCfg = Release|Any CPU
		{83AE1F08-01E4-4827-9BDB-69F43B84F990}.Release|Any CPU.Build.0 = Release|Any CPU
		{AEDCDBA5-94B6-45CD-A54B-41F0B8FCA40A}.Debug|Any CPU.ActiveCfg = Debug|Any CPU
		{AEDCDBA5-94B6-45CD-A54B-41F0B8FCA40A}.Debug|Any CPU.Build.0 = Debug|Any CPU
		{AEDCDBA5-94B6-45CD-A54B-41F0B8FCA40A}.Release|Any CPU.ActiveCfg = Release|Any CPU
		{AEDCDBA5-94B6-45CD-A54B-41F0B8FCA40A}.Release|Any CPU.Build.0 = Release|Any CPU
	EndGlobalSection
	GlobalSection(SolutionProperties) = preSolution
		HideSolutionNode = FALSE
	EndGlobalSection
	GlobalSection(ExtensibilityGlobals) = postSolution
		SolutionGuid = {247DEFC0-319D-420F-BB0D-6A76FD72324A}
	EndGlobalSection
EndGlobal
