
Microsoft Visual Studio Solution File, Format Version 12.00
# Visual Studio Version 16
VisualStudioVersion = 16.0.31702.278
MinimumVisualStudioVersion = 10.0.40219.1
Project("{FAE04EC0-301F-11D3-BF4B-00C04F79EFBC}") = "BlazorReview.Server", "Server\BlazorReview.Server.csproj", "{0EBAD665-4DDB-43BA-9848-C207D2B3C818}"
EndProject
Project("{FAE04EC0-301F-11D3-BF4B-00C04F79EFBC}") = "BlazorReview.Client", "Client\BlazorReview.Client.csproj", "{527F7B88-2175-45E2-A8FF-CCBA35885CC3}"
EndProject
Project("{FAE04EC0-301F-11D3-BF4B-00C04F79EFBC}") = "BlazorReview.Shared", "Shared\BlazorReview.Shared.csproj", "{BCEE3124-7EDC-4636-A8C9-8FDCAFBA2883}"
EndProject
Global
	GlobalSection(SolutionConfigurationPlatforms) = preSolution
		Debug|Any CPU = Debug|Any CPU
		Release|Any CPU = Release|Any CPU
	EndGlobalSection
	GlobalSection(ProjectConfigurationPlatforms) = postSolution
		{0EBAD665-4DDB-43BA-9848-C207D2B3C818}.Debug|Any CPU.ActiveCfg = Debug|Any CPU
		{0EBAD665-4DDB-43BA-9848-C207D2B3C818}.Debug|Any CPU.Build.0 = Debug|Any CPU
		{0EBAD665-4DDB-43BA-9848-C207D2B3C818}.Release|Any CPU.ActiveCfg = Release|Any CPU
		{0EBAD665-4DDB-43BA-9848-C207D2B3C818}.Release|Any CPU.Build.0 = Release|Any CPU
		{527F7B88-2175-45E2-A8FF-CCBA35885CC3}.Debug|Any CPU.ActiveCfg = Debug|Any CPU
		{527F7B88-2175-45E2-A8FF-CCBA35885CC3}.Debug|Any CPU.Build.0 = Debug|Any CPU
		{527F7B88-2175-45E2-A8FF-CCBA35885CC3}.Release|Any CPU.ActiveCfg = Release|Any CPU
		{527F7B88-2175-45E2-A8FF-CCBA35885CC3}.Release|Any CPU.Build.0 = Release|Any CPU
		{BCEE3124-7EDC-4636-A8C9-8FDCAFBA2883}.Debug|Any CPU.ActiveCfg = Debug|Any CPU
		{BCEE3124-7EDC-4636-A8C9-8FDCAFBA2883}.Debug|Any CPU.Build.0 = Debug|Any CPU
		{BCEE3124-7EDC-4636-A8C9-8FDCAFBA2883}.Release|Any CPU.ActiveCfg = Release|Any CPU
		{BCEE3124-7EDC-4636-A8C9-8FDCAFBA2883}.Release|Any CPU.Build.0 = Release|Any CPU
	EndGlobalSection
	GlobalSection(SolutionProperties) = preSolution
		HideSolutionNode = FALSE
	EndGlobalSection
	GlobalSection(ExtensibilityGlobals) = postSolution
		SolutionGuid = {679DF7A7-456D-4233-B04E-A6202C350166}
	EndGlobalSection
EndGlobal
