
Microsoft Visual Studio Solution File, Format Version 12.00
# Visual Studio Version 16
VisualStudioVersion = 16.0.31702.278
MinimumVisualStudioVersion = 10.0.40219.1
Project("{FAE04EC0-301F-11D3-BF4B-00C04F79EFBC}") = "PackagesManagement", "PackagesManagement.csproj", "{454E3E70-7F0B-492D-8E02-5CB35B3AD8EF}"
EndProject
Project("{FAE04EC0-301F-11D3-BF4B-00C04F79EFBC}") = "PackagesManagementDomain", "..\PackagesManagementDomain\PackagesManagementDomain.csproj", "{420D2C38-36FE-49F2-A5D1-57AD750C62CC}"
EndProject
Global
	GlobalSection(SolutionConfigurationPlatforms) = preSolution
		Debug|Any CPU = Debug|Any CPU
		Release|Any CPU = Release|Any CPU
	EndGlobalSection
	GlobalSection(ProjectConfigurationPlatforms) = postSolution
		{454E3E70-7F0B-492D-8E02-5CB35B3AD8EF}.Debug|Any CPU.ActiveCfg = Debug|Any CPU
		{454E3E70-7F0B-492D-8E02-5CB35B3AD8EF}.Debug|Any CPU.Build.0 = Debug|Any CPU
		{454E3E70-7F0B-492D-8E02-5CB35B3AD8EF}.Release|Any CPU.ActiveCfg = Release|Any CPU
		{454E3E70-7F0B-492D-8E02-5CB35B3AD8EF}.Release|Any CPU.Build.0 = Release|Any CPU
		{420D2C38-36FE-49F2-A5D1-57AD750C62CC}.Debug|Any CPU.ActiveCfg = Debug|Any CPU
		{420D2C38-36FE-49F2-A5D1-57AD750C62CC}.Debug|Any CPU.Build.0 = Debug|Any CPU
		{420D2C38-36FE-49F2-A5D1-57AD750C62CC}.Release|Any CPU.ActiveCfg = Release|Any CPU
		{420D2C38-36FE-49F2-A5D1-57AD750C62CC}.Release|Any CPU.Build.0 = Release|Any CPU
	EndGlobalSection
	GlobalSection(SolutionProperties) = preSolution
		HideSolutionNode = FALSE
	EndGlobalSection
	GlobalSection(ExtensibilityGlobals) = postSolution
		SolutionGuid = {247DEFC0-319D-420F-BB0D-6A76FD72324A}
	EndGlobalSection
EndGlobal
